
Microsoft Visual Studio Solution File, Format Version 12.00
# Visual Studio 15
VisualStudioVersion = 15.0.28307.329
MinimumVisualStudioVersion = 10.0.40219.1
Project("{FAE04EC0-301F-11D3-BF4B-00C04F79EFBC}") = "WpfApp2 {Generation of Users}", "WpfApp2 {Generation of Users}\WpfApp2 {Generation of Users}.csproj", "{77A659B4-9C4A-4581-8231-00166D37684B}"
EndProject
Global
	GlobalSection(SolutionConfigurationPlatforms) = preSolution
		Debug|Any CPU = Debug|Any CPU
		Release|Any CPU = Release|Any CPU
	EndGlobalSection
	GlobalSection(ProjectConfigurationPlatforms) = postSolution
		{77A659B4-9C4A-4581-8231-00166D37684B}.Debug|Any CPU.ActiveCfg = Debug|Any CPU
		{77A659B4-9C4A-4581-8231-00166D37684B}.Debug|Any CPU.Build.0 = Debug|Any CPU
		{77A659B4-9C4A-4581-8231-00166D37684B}.Release|Any CPU.ActiveCfg = Release|Any CPU
		{77A659B4-9C4A-4581-8231-00166D37684B}.Release|Any CPU.Build.0 = Release|Any CPU
	EndGlobalSection
	GlobalSection(SolutionProperties) = preSolution
		HideSolutionNode = FALSE
	EndGlobalSection
	GlobalSection(ExtensibilityGlobals) = postSolution
		SolutionGuid = {12AE717F-43A1-43C9-A2D6-D7E564DFA769}
	EndGlobalSection
EndGlobal
